
Microsoft Visual Studio Solution File, Format Version 12.00
# Visual Studio Version 16
VisualStudioVersion = 16.0.30907.101
MinimumVisualStudioVersion = 10.0.40219.1
Project("{9A19103F-16F7-4668-BE54-9A1E7A4F7556}") = "CronReminder", "CronReminder.csproj", "{A6E13238-25DB-4D65-9257-905EE407DDB9}"
EndProject
Global
	GlobalSection(SolutionConfigurationPlatforms) = preSolution
		Debug|Any CPU = Debug|Any CPU
		Release|Any CPU = Release|Any CPU
	EndGlobalSection
	GlobalSection(ProjectConfigurationPlatforms) = postSolution
		{A6E13238-25DB-4D65-9257-905EE407DDB9}.Debug|Any CPU.ActiveCfg = Debug|Any CPU
		{A6E13238-25DB-4D65-9257-905EE407DDB9}.Debug|Any CPU.Build.0 = Debug|Any CPU
		{A6E13238-25DB-4D65-9257-905EE407DDB9}.Release|Any CPU.ActiveCfg = Release|Any CPU
		{A6E13238-25DB-4D65-9257-905EE407DDB9}.Release|Any CPU.Build.0 = Release|Any CPU
	EndGlobalSection
	GlobalSection(SolutionProperties) = preSolution
		HideSolutionNode = FALSE
	EndGlobalSection
	GlobalSection(ExtensibilityGlobals) = postSolution
		SolutionGuid = {11B09BDB-23AE-453D-9D6D-AE76AA308CF4}
	EndGlobalSection
EndGlobal
